
Microsoft Visual Studio Solution File, Format Version 11.00
# Visual Studio 2010
Project("{E097FAD1-6243-4DAD-9C02-E9B9EFC3FFC1}") = "Assembly-CSharp", "Assembly-CSharp.csproj", "{08ECC2C7-7B92-2A9A-5FB2-AF1683FA5193}"
EndProject
Project("{E097FAD1-6243-4DAD-9C02-E9B9EFC3FFC1}") = "Assembly-CSharp-Editor-firstpass", "Assembly-CSharp-Editor-firstpass.csproj", "{E39CCE91-78B3-5681-EE49-EFD1F222BF99}"
EndProject
Global
	GlobalSection(SolutionConfigurationPlatforms) = preSolution
		Debug|Any CPU = Debug|Any CPU
		Release|Any CPU = Release|Any CPU
	EndGlobalSection
	GlobalSection(ProjectConfigurationPlatforms) = postSolution
		{08ECC2C7-7B92-2A9A-5FB2-AF1683FA5193}.Debug|Any CPU.ActiveCfg = Debug|Any CPU
		{08ECC2C7-7B92-2A9A-5FB2-AF1683FA5193}.Debug|Any CPU.Build.0 = Debug|Any CPU
		{08ECC2C7-7B92-2A9A-5FB2-AF1683FA5193}.Release|Any CPU.ActiveCfg = Release|Any CPU
		{08ECC2C7-7B92-2A9A-5FB2-AF1683FA5193}.Release|Any CPU.Build.0 = Release|Any CPU
		{E39CCE91-78B3-5681-EE49-EFD1F222BF99}.Debug|Any CPU.ActiveCfg = Debug|Any CPU
		{E39CCE91-78B3-5681-EE49-EFD1F222BF99}.Debug|Any CPU.Build.0 = Debug|Any CPU
		{E39CCE91-78B3-5681-EE49-EFD1F222BF99}.Release|Any CPU.ActiveCfg = Release|Any CPU
		{E39CCE91-78B3-5681-EE49-EFD1F222BF99}.Release|Any CPU.Build.0 = Release|Any CPU
	EndGlobalSection
	GlobalSection(SolutionProperties) = preSolution
		HideSolutionNode = FALSE
	EndGlobalSection
	GlobalSection(MonoDevelopProperties) = preSolution
		StartupItem = Assembly-CSharp.csproj
	EndGlobalSection
EndGlobal
